
Microsoft Visual Studio Solution File, Format Version 12.00
# Visual Studio Version 16
VisualStudioVersion = 16.0.31410.357
MinimumVisualStudioVersion = 10.0.40219.1
Project("{FAE04EC0-301F-11D3-BF4B-00C04F79EFBC}") = "Maybenogi.Server", "Maybenogi\Server\Maybenogi.Server.csproj", "{B038B61E-4A31-451B-BBBA-DC001287D526}"
EndProject
Project("{FAE04EC0-301F-11D3-BF4B-00C04F79EFBC}") = "Maybenogi.Client", "Maybenogi\Client\Maybenogi.Client.csproj", "{777357BF-1C76-4E44-8F17-E1336917C8F4}"
EndProject
Project("{FAE04EC0-301F-11D3-BF4B-00C04F79EFBC}") = "Maybenogi.Shared", "Maybenogi\Shared\Maybenogi.Shared.csproj", "{BED7C3F0-B5D2-42E8-8445-273B56AC6F16}"
EndProject
Global
	GlobalSection(SolutionConfigurationPlatforms) = preSolution
		Debug|Any CPU = Debug|Any CPU
		Release|Any CPU = Release|Any CPU
	EndGlobalSection
	GlobalSection(ProjectConfigurationPlatforms) = postSolution
		{B038B61E-4A31-451B-BBBA-DC001287D526}.Debug|Any CPU.ActiveCfg = Debug|Any CPU
		{B038B61E-4A31-451B-BBBA-DC001287D526}.Debug|Any CPU.Build.0 = Debug|Any CPU
		{B038B61E-4A31-451B-BBBA-DC001287D526}.Release|Any CPU.ActiveCfg = Release|Any CPU
		{B038B61E-4A31-451B-BBBA-DC001287D526}.Release|Any CPU.Build.0 = Release|Any CPU
		{777357BF-1C76-4E44-8F17-E1336917C8F4}.Debug|Any CPU.ActiveCfg = Debug|Any CPU
		{777357BF-1C76-4E44-8F17-E1336917C8F4}.Debug|Any CPU.Build.0 = Debug|Any CPU
		{777357BF-1C76-4E44-8F17-E1336917C8F4}.Release|Any CPU.ActiveCfg = Release|Any CPU
		{777357BF-1C76-4E44-8F17-E1336917C8F4}.Release|Any CPU.Build.0 = Release|Any CPU
		{BED7C3F0-B5D2-42E8-8445-273B56AC6F16}.Debug|Any CPU.ActiveCfg = Debug|Any CPU
		{BED7C3F0-B5D2-42E8-8445-273B56AC6F16}.Debug|Any CPU.Build.0 = Debug|Any CPU
		{BED7C3F0-B5D2-42E8-8445-273B56AC6F16}.Release|Any CPU.ActiveCfg = Release|Any CPU
		{BED7C3F0-B5D2-42E8-8445-273B56AC6F16}.Release|Any CPU.Build.0 = Release|Any CPU
	EndGlobalSection
	GlobalSection(SolutionProperties) = preSolution
		HideSolutionNode = FALSE
	EndGlobalSection
	GlobalSection(ExtensibilityGlobals) = postSolution
		SolutionGuid = {F5E1B859-AEDA-4F9A-A31D-A9240FA646E2}
	EndGlobalSection
EndGlobal
